
Microsoft Visual Studio Solution File, Format Version 12.00
# Visual Studio 15
VisualStudioVersion = 15.0.28307.102
MinimumVisualStudioVersion = 10.0.40219.1
Project("{FAE04EC0-301F-11D3-BF4B-00C04F79EFBC}") = "AkilliAmbiyansRGBLED", "AkilliAmbiyansRGBLED\AkilliAmbiyansRGBLED.csproj", "{9FF38C58-14DE-4A67-94AE-0EA47EE2E105}"
EndProject
Global
	GlobalSection(SolutionConfigurationPlatforms) = preSolution
		Debug|Any CPU = Debug|Any CPU
		Debug|x86 = Debug|x86
		Release|Any CPU = Release|Any CPU
		Release|x86 = Release|x86
		yeni|Any CPU = yeni|Any CPU
		yeni|x86 = yeni|x86
	EndGlobalSection
	GlobalSection(ProjectConfigurationPlatforms) = postSolution
		{9FF38C58-14DE-4A67-94AE-0EA47EE2E105}.Debug|Any CPU.ActiveCfg = Debug|Any CPU
		{9FF38C58-14DE-4A67-94AE-0EA47EE2E105}.Debug|Any CPU.Build.0 = Debug|Any CPU
		{9FF38C58-14DE-4A67-94AE-0EA47EE2E105}.Debug|x86.ActiveCfg = Debug|x86
		{9FF38C58-14DE-4A67-94AE-0EA47EE2E105}.Debug|x86.Build.0 = Debug|x86
		{9FF38C58-14DE-4A67-94AE-0EA47EE2E105}.Release|Any CPU.ActiveCfg = Release|Any CPU
		{9FF38C58-14DE-4A67-94AE-0EA47EE2E105}.Release|Any CPU.Build.0 = Release|Any CPU
		{9FF38C58-14DE-4A67-94AE-0EA47EE2E105}.Release|x86.ActiveCfg = Release|x86
		{9FF38C58-14DE-4A67-94AE-0EA47EE2E105}.Release|x86.Build.0 = Release|x86
		{9FF38C58-14DE-4A67-94AE-0EA47EE2E105}.yeni|Any CPU.ActiveCfg = yeni|Any CPU
		{9FF38C58-14DE-4A67-94AE-0EA47EE2E105}.yeni|Any CPU.Build.0 = yeni|Any CPU
		{9FF38C58-14DE-4A67-94AE-0EA47EE2E105}.yeni|x86.ActiveCfg = yeni|x86
	EndGlobalSection
	GlobalSection(SolutionProperties) = preSolution
		HideSolutionNode = FALSE
	EndGlobalSection
	GlobalSection(ExtensibilityGlobals) = postSolution
		SolutionGuid = {D774E088-10F1-4982-9A91-095F7FA9DA68}
	EndGlobalSection
EndGlobal
